# This file is automatically @generated by Cargo.
# It is not intended for manual editing.
version = 4

[[package]]
name = "cn"
version = "0.1.0"

[[package]]
name = "cn-graph"
version = "0.1.0"

[[package]]
name = "cn-ingest"
version = "0.1.0"

[[package]]
name = "cn-model"
version = "0.1.0"

[[package]]
name = "cn-perm"
version = "0.1.0"

[[package]]
name = "cn-schema"
version = "0.1.0"

[[package]]
name = "cn-store"
version = "0.1.0"

[[package]]
name = "cn-sync"
version = "0.1.0"

[[package]]
name = "cn-wasm"
version = "0.1.0"
